
Microsoft Visual Studio Solution File, Format Version 12.00
# Visual Studio Version 16
VisualStudioVersion = 16.0.30804.86
MinimumVisualStudioVersion = 10.0.40219.1
Project("{8BC9CEB8-8B4A-11D0-8D11-00A0C91BC942}") = "lab_10", "lab_10\lab_10.vcxproj", "{25E201DE-263D-47E8-9044-D23AAB94708F}"
EndProject
Global
	GlobalSection(SolutionConfigurationPlatforms) = preSolution
		Debug|x64 = Debug|x64
		Debug|x86 = Debug|x86
		Release|x64 = Release|x64
		Release|x86 = Release|x86
	EndGlobalSection
	GlobalSection(ProjectConfigurationPlatforms) = postSolution
		{25E201DE-263D-47E8-9044-D23AAB94708F}.Debug|x64.ActiveCfg = Debug|x64
		{25E201DE-263D-47E8-9044-D23AAB94708F}.Debug|x64.Build.0 = Debug|x64
		{25E201DE-263D-47E8-9044-D23AAB94708F}.Debug|x86.ActiveCfg = Debug|Win32
		{25E201DE-263D-47E8-9044-D23AAB94708F}.Debug|x86.Build.0 = Debug|Win32
		{25E201DE-263D-47E8-9044-D23AAB94708F}.Release|x64.ActiveCfg = Release|x64
		{25E201DE-263D-47E8-9044-D23AAB94708F}.Release|x64.Build.0 = Release|x64
		{25E201DE-263D-47E8-9044-D23AAB94708F}.Release|x86.ActiveCfg = Release|Win32
		{25E201DE-263D-47E8-9044-D23AAB94708F}.Release|x86.Build.0 = Release|Win32
	EndGlobalSection
	GlobalSection(SolutionProperties) = preSolution
		HideSolutionNode = FALSE
	EndGlobalSection
	GlobalSection(ExtensibilityGlobals) = postSolution
		SolutionGuid = {9484EFBD-470E-448B-BD12-F12AEAA764E1}
	EndGlobalSection
EndGlobal
